
Microsoft Visual Studio Solution File, Format Version 12.00
Project("{FAE04EC0-301F-11D3-BF4B-00C04F79EFBC}") = "Boards.FileStorageService.Api", "Boards.FileStorageService.Api\Boards.FileStorageService.Api.csproj", "{9371DE5B-3B52-4F0C-AFE0-AB343F2CAEE1}"
EndProject
Project("{FAE04EC0-301F-11D3-BF4B-00C04F79EFBC}") = "Boards.FileStorageService.Core", "Boards.FileStorageService.Core\Boards.FileStorageService.Core.csproj", "{E9A984EF-3E88-46C6-91D4-E162F26FFA58}"
EndProject
Project("{FAE04EC0-301F-11D3-BF4B-00C04F79EFBC}") = "Boards.FileStorageService.Database", "Boards.FileStorageService.Database\Boards.FileStorageService.Database.csproj", "{FA96BACD-E89D-4142-85A7-7FC05259F2FC}"
EndProject
Project("{FAE04EC0-301F-11D3-BF4B-00C04F79EFBC}") = "Boards.Auth.Common", "..\AuthService\Boards.Auth.Common\Boards.Auth.Common.csproj", "{E43FD549-48CA-4A9F-A314-D91162310CB4}"
EndProject
Global
	GlobalSection(SolutionConfigurationPlatforms) = preSolution
		Debug|Any CPU = Debug|Any CPU
		Release|Any CPU = Release|Any CPU
	EndGlobalSection
	GlobalSection(ProjectConfigurationPlatforms) = postSolution
		{9371DE5B-3B52-4F0C-AFE0-AB343F2CAEE1}.Debug|Any CPU.ActiveCfg = Debug|Any CPU
		{9371DE5B-3B52-4F0C-AFE0-AB343F2CAEE1}.Debug|Any CPU.Build.0 = Debug|Any CPU
		{9371DE5B-3B52-4F0C-AFE0-AB343F2CAEE1}.Release|Any CPU.ActiveCfg = Release|Any CPU
		{9371DE5B-3B52-4F0C-AFE0-AB343F2CAEE1}.Release|Any CPU.Build.0 = Release|Any CPU
		{E9A984EF-3E88-46C6-91D4-E162F26FFA58}.Debug|Any CPU.ActiveCfg = Debug|Any CPU
		{E9A984EF-3E88-46C6-91D4-E162F26FFA58}.Debug|Any CPU.Build.0 = Debug|Any CPU
		{E9A984EF-3E88-46C6-91D4-E162F26FFA58}.Release|Any CPU.ActiveCfg = Release|Any CPU
		{E9A984EF-3E88-46C6-91D4-E162F26FFA58}.Release|Any CPU.Build.0 = Release|Any CPU
		{FA96BACD-E89D-4142-85A7-7FC05259F2FC}.Debug|Any CPU.ActiveCfg = Debug|Any CPU
		{FA96BACD-E89D-4142-85A7-7FC05259F2FC}.Debug|Any CPU.Build.0 = Debug|Any CPU
		{FA96BACD-E89D-4142-85A7-7FC05259F2FC}.Release|Any CPU.ActiveCfg = Release|Any CPU
		{FA96BACD-E89D-4142-85A7-7FC05259F2FC}.Release|Any CPU.Build.0 = Release|Any CPU
		{E43FD549-48CA-4A9F-A314-D91162310CB4}.Debug|Any CPU.ActiveCfg = Debug|Any CPU
		{E43FD549-48CA-4A9F-A314-D91162310CB4}.Debug|Any CPU.Build.0 = Debug|Any CPU
		{E43FD549-48CA-4A9F-A314-D91162310CB4}.Release|Any CPU.ActiveCfg = Release|Any CPU
		{E43FD549-48CA-4A9F-A314-D91162310CB4}.Release|Any CPU.Build.0 = Release|Any CPU
	EndGlobalSection
EndGlobal
